
Microsoft Visual Studio Solution File, Format Version 12.00
# Visual Studio 2012
Project("{FAE04EC0-301F-11D3-BF4B-00C04F79EFBC}") = "TestOrder", "TestOrder\TestOrder.csproj", "{ADFD5AA2-8555-4339-9FE5-7EC44886F573}"
EndProject
Global
	GlobalSection(SolutionConfigurationPlatforms) = preSolution
		Debug|Any CPU = Debug|Any CPU
		Release|Any CPU = Release|Any CPU
	EndGlobalSection
	GlobalSection(ProjectConfigurationPlatforms) = postSolution
		{ADFD5AA2-8555-4339-9FE5-7EC44886F573}.Debug|Any CPU.ActiveCfg = Debug|Any CPU
		{ADFD5AA2-8555-4339-9FE5-7EC44886F573}.Debug|Any CPU.Build.0 = Debug|Any CPU
		{ADFD5AA2-8555-4339-9FE5-7EC44886F573}.Release|Any CPU.ActiveCfg = Release|Any CPU
		{ADFD5AA2-8555-4339-9FE5-7EC44886F573}.Release|Any CPU.Build.0 = Release|Any CPU
	EndGlobalSection
	GlobalSection(SolutionProperties) = preSolution
		HideSolutionNode = FALSE
	EndGlobalSection
EndGlobal
